
Microsoft Visual Studio Solution File, Format Version 12.00
# Visual Studio Version 16
VisualStudioVersion = 16.0.31410.357
MinimumVisualStudioVersion = 10.0.40219.1
Project("{9A19103F-16F7-4668-BE54-9A1E7A4F7556}") = "UF2216", "UF2216.csproj", "{F3CAC07F-7493-4CEC-8FA3-A81F8E493708}"
EndProject
Global
	GlobalSection(SolutionConfigurationPlatforms) = preSolution
		Debug|Any CPU = Debug|Any CPU
		Release|Any CPU = Release|Any CPU
	EndGlobalSection
	GlobalSection(ProjectConfigurationPlatforms) = postSolution
		{F3CAC07F-7493-4CEC-8FA3-A81F8E493708}.Debug|Any CPU.ActiveCfg = Debug|Any CPU
		{F3CAC07F-7493-4CEC-8FA3-A81F8E493708}.Debug|Any CPU.Build.0 = Debug|Any CPU
		{F3CAC07F-7493-4CEC-8FA3-A81F8E493708}.Release|Any CPU.ActiveCfg = Release|Any CPU
		{F3CAC07F-7493-4CEC-8FA3-A81F8E493708}.Release|Any CPU.Build.0 = Release|Any CPU
	EndGlobalSection
	GlobalSection(SolutionProperties) = preSolution
		HideSolutionNode = FALSE
	EndGlobalSection
	GlobalSection(ExtensibilityGlobals) = postSolution
		SolutionGuid = {B0040DD2-FBC5-4968-B08F-4D67089C2DBF}
	EndGlobalSection
EndGlobal
